
Microsoft Visual Studio Solution File, Format Version 12.00
# Visual Studio Version 16
VisualStudioVersion = 16.0.31005.135
MinimumVisualStudioVersion = 10.0.40219.1
Project("{FAE04EC0-301F-11D3-BF4B-00C04F79EFBC}") = "ExtensionMethods", "ExtensionMethods\ExtensionMethods.csproj", "{7999FBA1-F863-41D6-8943-5F88B651D5AB}"
EndProject
Global
	GlobalSection(SolutionConfigurationPlatforms) = preSolution
		Debug|Any CPU = Debug|Any CPU
		Release|Any CPU = Release|Any CPU
	EndGlobalSection
	GlobalSection(ProjectConfigurationPlatforms) = postSolution
		{7999FBA1-F863-41D6-8943-5F88B651D5AB}.Debug|Any CPU.ActiveCfg = Debug|Any CPU
		{7999FBA1-F863-41D6-8943-5F88B651D5AB}.Debug|Any CPU.Build.0 = Debug|Any CPU
		{7999FBA1-F863-41D6-8943-5F88B651D5AB}.Release|Any CPU.ActiveCfg = Release|Any CPU
		{7999FBA1-F863-41D6-8943-5F88B651D5AB}.Release|Any CPU.Build.0 = Release|Any CPU
	EndGlobalSection
	GlobalSection(SolutionProperties) = preSolution
		HideSolutionNode = FALSE
	EndGlobalSection
	GlobalSection(ExtensibilityGlobals) = postSolution
		SolutionGuid = {CC7F5698-B8F8-490B-8CD3-51CFFEBF039B}
	EndGlobalSection
EndGlobal
